// !$*UTF8*$!
{
	archiveVersion = 1;
	classes = {
	};
	objectVersion = 50;
	objects = {

/* Begin PBXBuildFile section */
		68804210239F9555008CFA40 /* AppDelegate.swift in Sources */ = {isa = PBXBuildFile; fileRef = 6880420F239F9555008CFA40 /* AppDelegate.swift */; };
		68804212239F9555008CFA40 /* SceneDelegate.swift in Sources */ = {isa = PBXBuildFile; fileRef = 68804211239F9555008CFA40 /* SceneDelegate.swift */; };
		68804214239F9555008CFA40 /* ViewController.swift in Sources */ = {isa = PBXBuildFile; fileRef = 68804213239F9555008CFA40 /* ViewController.swift */; };
		68804217239F9555008CFA40 /* Main.storyboard in Resources */ = {isa = PBXBuildFile; fileRef = 68804215239F9555008CFA40 /* Main.storyboard */; };
		68804219239F9557008CFA40 /* Assets.xcassets in Resources */ = {isa = PBXBuildFile; fileRef = 68804218239F9557008CFA40 /* Assets.xcassets */; };
		6880421C239F9557008CFA40 /* LaunchScreen.storyboard in Resources */ = {isa = PBXBuildFile; fileRef = 6880421A239F9557008CFA40 /* LaunchScreen.storyboard */; };
		68804227239F9557008CFA40 /* CoordinatorExampleTests.swift in Sources */ = {isa = PBXBuildFile; fileRef = 68804226239F9557008CFA40 /* CoordinatorExampleTests.swift */; };
		68804232239F9557008CFA40 /* CoordinatorExampleUITests.swift in Sources */ = {isa = PBXBuildFile; fileRef = 68804231239F9557008CFA40 /* CoordinatorExampleUITests.swift */; };
		68804240239F964F008CFA40 /* Coordinator.swift in Sources */ = {isa = PBXBuildFile; fileRef = 6880423F239F964F008CFA40 /* Coordinator.swift */; };
		68804242239F9680008CFA40 /* Storyboarded.swift in Sources */ = {isa = PBXBuildFile; fileRef = 68804241239F9680008CFA40 /* Storyboarded.swift */; };
		68804244239F97A2008CFA40 /* MainCoordinator.swift in Sources */ = {isa = PBXBuildFile; fileRef = 68804243239F97A2008CFA40 /* MainCoordinator.swift */; };
		68804246239F9AE2008CFA40 /* BuyViewController.swift in Sources */ = {isa = PBXBuildFile; fileRef = 68804245239F9AE2008CFA40 /* BuyViewController.swift */; };
		68E16DCC239F9B8C00348BD5 /* CreateAccountViewController.swift in Sources */ = {isa = PBXBuildFile; fileRef = 68E16DCB239F9B8C00348BD5 /* CreateAccountViewController.swift */; };
		68E16DCE239F9D1D00348BD5 /* BuyCoordinator.swift in Sources */ = {isa = PBXBuildFile; fileRef = 68E16DCD239F9D1D00348BD5 /* BuyCoordinator.swift */; };
/* End PBXBuildFile section */

/* Begin PBXContainerItemProxy section */
		68804223239F9557008CFA40 /* PBXContainerItemProxy */ = {
			isa = PBXContainerItemProxy;
			containerPortal = 68804204239F9555008CFA40 /* Project object */;
			proxyType = 1;
			remoteGlobalIDString = 6880420B239F9555008CFA40;
			remoteInfo = CoordinatorExample;
		};
		6880422E239F9557008CFA40 /* PBXContainerItemProxy */ = {
			isa = PBXContainerItemProxy;
			containerPortal = 68804204239F9555008CFA40 /* Project object */;
			proxyType = 1;
			remoteGlobalIDString = 6880420B239F9555008CFA40;
			remoteInfo = CoordinatorExample;
		};
/* End PBXContainerItemProxy section */

/* Begin PBXFileReference section */
		6880420C239F9555008CFA40 /* CoordinatorExample.app */ = {isa = PBXFileReference; explicitFileType = wrapper.application; includeInIndex = 0; path = CoordinatorExample.app; sourceTree = BUILT_PRODUCTS_DIR; };
		6880420F239F9555008CFA40 /* AppDelegate.swift */ = {isa = PBXFileReference; lastKnownFileType = sourcecode.swift; path = AppDelegate.swift; sourceTree = "<group>"; };
		68804211239F9555008CFA40 /* SceneDelegate.swift */ = {isa = PBXFileReference; lastKnownFileType = sourcecode.swift; path = SceneDelegate.swift; sourceTree = "<group>"; };
		68804213239F9555008CFA40 /* ViewController.swift */ = {isa = PBXFileReference; lastKnownFileType = sourcecode.swift; path = ViewController.swift; sourceTree = "<group>"; };
		68804216239F9555008CFA40 /* Base */ = {isa = PBXFileReference; lastKnownFileType = file.storyboard; name = Base; path = Base.lproj/Main.storyboard; sourceTree = "<group>"; };
		68804218239F9557008CFA40 /* Assets.xcassets */ = {isa = PBXFileReference; lastKnownFileType = folder.assetcatalog; path = Assets.xcassets; sourceTree = "<group>"; };
		6880421B239F9557008CFA40 /* Base */ = {isa = PBXFileReference; lastKnownFileType = file.storyboard; name = Base; path = Base.lproj/LaunchScreen.storyboard; sourceTree = "<group>"; };
		6880421D239F9557008CFA40 /* Info.plist */ = {isa = PBXFileReference; lastKnownFileType = text.plist.xml; path = Info.plist; sourceTree = "<group>"; };
		68804222239F9557008CFA40 /* CoordinatorExampleTests.xctest */ = {isa = PBXFileReference; explicitFileType = wrapper.cfbundle; includeInIndex = 0; path = CoordinatorExampleTests.xctest; sourceTree = BUILT_PRODUCTS_DIR; };
		68804226239F9557008CFA40 /* CoordinatorExampleTests.swift */ = {isa = PBXFileReference; lastKnownFileType = sourcecode.swift; path = CoordinatorExampleTests.swift; sourceTree = "<group>"; };
		68804228239F9557008CFA40 /* Info.plist */ = {isa = PBXFileReference; lastKnownFileType = text.plist.xml; path = Info.plist; sourceTree = "<group>"; };
		6880422D239F9557008CFA40 /* CoordinatorExampleUITests.xctest */ = {isa = PBXFileReference; explicitFileType = wrapper.cfbundle; includeInIndex = 0; path = CoordinatorExampleUITests.xctest; sourceTree = BUILT_PRODUCTS_DIR; };
		68804231239F9557008CFA40 /* CoordinatorExampleUITests.swift */ = {isa = PBXFileReference; lastKnownFileType = sourcecode.swift; path = CoordinatorExampleUITests.swift; sourceTree = "<group>"; };
		68804233239F9557008CFA40 /* Info.plist */ = {isa = PBXFileReference; lastKnownFileType = text.plist.xml; path = Info.plist; sourceTree = "<group>"; };
		6880423F239F964F008CFA40 /* Coordinator.swift */ = {isa = PBXFileReference; lastKnownFileType = sourcecode.swift; path = Coordinator.swift; sourceTree = "<group>"; };
		68804241239F9680008CFA40 /* Storyboarded.swift */ = {isa = PBXFileReference; lastKnownFileType = sourcecode.swift; path = Storyboarded.swift; sourceTree = "<group>"; };
		68804243239F97A2008CFA40 /* MainCoordinator.swift */ = {isa = PBXFileReference; lastKnownFileType = sourcecode.swift; path = MainCoordinator.swift; sourceTree = "<group>"; };
		68804245239F9AE2008CFA40 /* BuyViewController.swift */ = {isa = PBXFileReference; lastKnownFileType = sourcecode.swift; path = BuyViewController.swift; sourceTree = "<group>"; };
		68E16DCB239F9B8C00348BD5 /* CreateAccountViewController.swift */ = {isa = PBXFileReference; lastKnownFileType = sourcecode.swift; path = CreateAccountViewController.swift; sourceTree = "<group>"; };
		68E16DCD239F9D1D00348BD5 /* BuyCoordinator.swift */ = {isa = PBXFileReference; lastKnownFileType = sourcecode.swift; path = BuyCoordinator.swift; sourceTree = "<group>"; };
/* End PBXFileReference section */

/* Begin PBXFrameworksBuildPhase section */
		68804209239F9555008CFA40 /* Frameworks */ = {
			isa = PBXFrameworksBuildPhase;
			buildActionMask = 2147483647;
			files = (
			);
			runOnlyForDeploymentPostprocessing = 0;
		};
		6880421F239F9557008CFA40 /* Frameworks */ = {
			isa = PBXFrameworksBuildPhase;
			buildActionMask = 2147483647;
			files = (
			);
			runOnlyForDeploymentPostprocessing = 0;
		};
		6880422A239F9557008CFA40 /* Frameworks */ = {
			isa = PBXFrameworksBuildPhase;
			buildActionMask = 2147483647;
			files = (
			);
			runOnlyForDeploymentPostprocessing = 0;
		};
/* End PBXFrameworksBuildPhase section */

/* Begin PBXGroup section */
		68804203239F9555008CFA40 = {
			isa = PBXGroup;
			children = (
				6880420E239F9555008CFA40 /* CoordinatorExample */,
				68804225239F9557008CFA40 /* CoordinatorExampleTests */,
				68804230239F9557008CFA40 /* CoordinatorExampleUITests */,
				6880420D239F9555008CFA40 /* Products */,
			);
			sourceTree = "<group>";
		};
		6880420D239F9555008CFA40 /* Products */ = {
			isa = PBXGroup;
			children = (
				6880420C239F9555008CFA40 /* CoordinatorExample.app */,
				68804222239F9557008CFA40 /* CoordinatorExampleTests.xctest */,
				6880422D239F9557008CFA40 /* CoordinatorExampleUITests.xctest */,
			);
			name = Products;
			sourceTree = "<group>";
		};
		6880420E239F9555008CFA40 /* CoordinatorExample */ = {
			isa = PBXGroup;
			children = (
				6880420F239F9555008CFA40 /* AppDelegate.swift */,
				68804211239F9555008CFA40 /* SceneDelegate.swift */,
				6880423F239F964F008CFA40 /* Coordinator.swift */,
				68804243239F97A2008CFA40 /* MainCoordinator.swift */,
				68804241239F9680008CFA40 /* Storyboarded.swift */,
				68804213239F9555008CFA40 /* ViewController.swift */,
				68804245239F9AE2008CFA40 /* BuyViewController.swift */,
				68E16DCB239F9B8C00348BD5 /* CreateAccountViewController.swift */,
				68804215239F9555008CFA40 /* Main.storyboard */,
				68E16DCD239F9D1D00348BD5 /* BuyCoordinator.swift */,
				68804218239F9557008CFA40 /* Assets.xcassets */,
				6880421A239F9557008CFA40 /* LaunchScreen.storyboard */,
				6880421D239F9557008CFA40 /* Info.plist */,
			);
			path = CoordinatorExample;
			sourceTree = "<group>";
		};
		68804225239F9557008CFA40 /* CoordinatorExampleTests */ = {
			isa = PBXGroup;
			children = (
				68804226239F9557008CFA40 /* CoordinatorExampleTests.swift */,
				68804228239F9557008CFA40 /* Info.plist */,
			);
			path = CoordinatorExampleTests;
			sourceTree = "<group>";
		};
		68804230239F9557008CFA40 /* CoordinatorExampleUITests */ = {
			isa = PBXGroup;
			children = (
				68804231239F9557008CFA40 /* CoordinatorExampleUITests.swift */,
				68804233239F9557008CFA40 /* Info.plist */,
			);
			path = CoordinatorExampleUITests;
			sourceTree = "<group>";
		};
/* End PBXGroup section */

/* Begin PBXNativeTarget section */
		6880420B239F9555008CFA40 /* CoordinatorExample */ = {
			isa = PBXNativeTarget;
			buildConfigurationList = 68804236239F9557008CFA40 /* Build configuration list for PBXNativeTarget "CoordinatorExample" */;
			buildPhases = (
				68804208239F9555008CFA40 /* Sources */,
				68804209239F9555008CFA40 /* Frameworks */,
				6880420A239F9555008CFA40 /* Resources */,
			);
			buildRules = (
			);
			dependencies = (
			);
			name = CoordinatorExample;
			productName = CoordinatorExample;
			productReference = 6880420C239F9555008CFA40 /* CoordinatorExample.app */;
			productType = "com.apple.product-type.application";
		};
		68804221239F9557008CFA40 /* CoordinatorExampleTests */ = {
			isa = PBXNativeTarget;
			buildConfigurationList = 68804239239F9557008CFA40 /* Build configuration list for PBXNativeTarget "CoordinatorExampleTests" */;
			buildPhases = (
				6880421E239F9557008CFA40 /* Sources */,
				6880421F239F9557008CFA40 /* Frameworks */,
				68804220239F9557008CFA40 /* Resources */,
			);
			buildRules = (
			);
			dependencies = (
				68804224239F9557008CFA40 /* PBXTargetDependency */,
			);
			name = CoordinatorExampleTests;
			productName = CoordinatorExampleTests;
			productReference = 68804222239F9557008CFA40 /* CoordinatorExampleTests.xctest */;
			productType = "com.apple.product-type.bundle.unit-test";
		};
		6880422C239F9557008CFA40 /* CoordinatorExampleUITests */ = {
			isa = PBXNativeTarget;
			buildConfigurationList = 6880423C239F9557008CFA40 /* Build configuration list for PBXNativeTarget "CoordinatorExampleUITests" */;
			buildPhases = (
				68804229239F9557008CFA40 /* Sources */,
				6880422A239F9557008CFA40 /* Frameworks */,
				6880422B239F9557008CFA40 /* Resources */,
			);
			buildRules = (
			);
			dependencies = (
				6880422F239F9557008CFA40 /* PBXTargetDependency */,
			);
			name = CoordinatorExampleUITests;
			productName = CoordinatorExampleUITests;
			productReference = 6880422D239F9557008CFA40 /* CoordinatorExampleUITests.xctest */;
			productType = "com.apple.product-type.bundle.ui-testing";
		};
/* End PBXNativeTarget section */

/* Begin PBXProject section */
		68804204239F9555008CFA40 /* Project object */ = {
			isa = PBXProject;
			attributes = {
				LastSwiftUpdateCheck = 1100;
				LastUpgradeCheck = 1100;
				ORGANIZATIONNAME = 23;
				TargetAttributes = {
					6880420B239F9555008CFA40 = {
						CreatedOnToolsVersion = 11.0;
					};
					68804221239F9557008CFA40 = {
						CreatedOnToolsVersion = 11.0;
						TestTargetID = 6880420B239F9555008CFA40;
					};
					6880422C239F9557008CFA40 = {
						CreatedOnToolsVersion = 11.0;
						TestTargetID = 6880420B239F9555008CFA40;
					};
				};
			};
			buildConfigurationList = 68804207239F9555008CFA40 /* Build configuration list for PBXProject "CoordinatorExample" */;
			compatibilityVersion = "Xcode 9.3";
			developmentRegion = en;
			hasScannedForEncodings = 0;
			knownRegions = (
				en,
				Base,
			);
			mainGroup = 68804203239F9555008CFA40;
			productRefGroup = 6880420D239F9555008CFA40 /* Products */;
			projectDirPath = "";
			projectRoot = "";
			targets = (
				6880420B239F9555008CFA40 /* CoordinatorExample */,
				68804221239F9557008CFA40 /* CoordinatorExampleTests */,
				6880422C239F9557008CFA40 /* CoordinatorExampleUITests */,
			);
		};
/* End PBXProject section */

/* Begin PBXResourcesBuildPhase section */
		6880420A239F9555008CFA40 /* Resources */ = {
			isa = PBXResourcesBuildPhase;
			buildActionMask = 2147483647;
			files = (
				6880421C239F9557008CFA40 /* LaunchScreen.storyboard in Resources */,
				68804219239F9557008CFA40 /* Assets.xcassets in Resources */,
				68804217239F9555008CFA40 /* Main.storyboard in Resources */,
			);
			runOnlyForDeploymentPostprocessing = 0;
		};
		68804220239F9557008CFA40 /* Resources */ = {
			isa = PBXResourcesBuildPhase;
			buildActionMask = 2147483647;
			files = (
			);
			runOnlyForDeploymentPostprocessing = 0;
		};
		6880422B239F9557008CFA40 /* Resources */ = {
			isa = PBXResourcesBuildPhase;
			buildActionMask = 2147483647;
			files = (
			);
			runOnlyForDeploymentPostprocessing = 0;
		};
/* End PBXResourcesBuildPhase section */

/* Begin PBXSourcesBuildPhase section */
		68804208239F9555008CFA40 /* Sources */ = {
			isa = PBXSourcesBuildPhase;
			buildActionMask = 2147483647;
			files = (
				68E16DCE239F9D1D00348BD5 /* BuyCoordinator.swift in Sources */,
				68804240239F964F008CFA40 /* Coordinator.swift in Sources */,
				68804244239F97A2008CFA40 /* MainCoordinator.swift in Sources */,
				68804214239F9555008CFA40 /* ViewController.swift in Sources */,
				68804242239F9680008CFA40 /* Storyboarded.swift in Sources */,
				68E16DCC239F9B8C00348BD5 /* CreateAccountViewController.swift in Sources */,
				68804210239F9555008CFA40 /* AppDelegate.swift in Sources */,
				68804246239F9AE2008CFA40 /* BuyViewController.swift in Sources */,
				68804212239F9555008CFA40 /* SceneDelegate.swift in Sources */,
			);
			runOnlyForDeploymentPostprocessing = 0;
		};
		6880421E239F9557008CFA40 /* Sources */ = {
			isa = PBXSourcesBuildPhase;
			buildActionMask = 2147483647;
			files = (
				68804227239F9557008CFA40 /* CoordinatorExampleTests.swift in Sources */,
			);
			runOnlyForDeploymentPostprocessing = 0;
		};
		68804229239F9557008CFA40 /* Sources */ = {
			isa = PBXSourcesBuildPhase;
			buildActionMask = 2147483647;
			files = (
				68804232239F9557008CFA40 /* CoordinatorExampleUITests.swift in Sources */,
			);
			runOnlyForDeploymentPostprocessing = 0;
		};
/* End PBXSourcesBuildPhase section */

/* Begin PBXTargetDependency section */
		68804224239F9557008CFA40 /* PBXTargetDependency */ = {
			isa = PBXTargetDependency;
			target = 6880420B239F9555008CFA40 /* CoordinatorExample */;
			targetProxy = 68804223239F9557008CFA40 /* PBXContainerItemProxy */;
		};
		6880422F239F9557008CFA40 /* PBXTargetDependency */ = {
			isa = PBXTargetDependency;
			target = 6880420B239F9555008CFA40 /* CoordinatorExample */;
			targetProxy = 6880422E239F9557008CFA40 /* PBXContainerItemProxy */;
		};
/* End PBXTargetDependency section */

/* Begin PBXVariantGroup section */
		68804215239F9555008CFA40 /* Main.storyboard */ = {
			isa = PBXVariantGroup;
			children = (
				68804216239F9555008CFA40 /* Base */,
			);
			name = Main.storyboard;
			sourceTree = "<group>";
		};
		6880421A239F9557008CFA40 /* LaunchScreen.storyboard */ = {
			isa = PBXVariantGroup;
			children = (
				6880421B239F9557008CFA40 /* Base */,
			);
			name = LaunchScreen.storyboard;
			sourceTree = "<group>";
		};
/* End PBXVariantGroup section */

/* Begin XCBuildConfiguration section */
		68804234239F9557008CFA40 /* Debug */ = {
			isa = XCBuildConfiguration;
			buildSettings = {
				ALWAYS_SEARCH_USER_PATHS = NO;
				CLANG_ANALYZER_NONNULL = YES;
				CLANG_ANALYZER_NUMBER_OBJECT_CONVERSION = YES_AGGRESSIVE;
				CLANG_CXX_LANGUAGE_STANDARD = "gnu++14";
				CLANG_CXX_LIBRARY = "libc++";
				CLANG_ENABLE_MODULES = YES;
				CLANG_ENABLE_OBJC_ARC = YES;
				CLANG_ENABLE_OBJC_WEAK = YES;
				CLANG_WARN_BLOCK_CAPTURE_AUTORELEASING = YES;
				CLANG_WARN_BOOL_CONVERSION = YES;
				CLANG_WARN_COMMA = YES;
				CLANG_WARN_CONSTANT_CONVERSION = YES;
				CLANG_WARN_DEPRECATED_OBJC_IMPLEMENTATIONS = YES;
				CLANG_WARN_DIRECT_OBJC_ISA_USAGE = YES_ERROR;
				CLANG_WARN_DOCUMENTATION_COMMENTS = YES;
				CLANG_WARN_EMPTY_BODY = YES;
				CLANG_WARN_ENUM_CONVERSION = YES;
				CLANG_WARN_INFINITE_RECURSION = YES;
				CLANG_WARN_INT_CONVERSION = YES;
				CLANG_WARN_NON_LITERAL_NULL_CONVERSION = YES;
				CLANG_WARN_OBJC_IMPLICIT_RETAIN_SELF = YES;
				CLANG_WARN_OBJC_LITERAL_CONVERSION = YES;
				CLANG_WARN_OBJC_ROOT_CLASS = YES_ERROR;
				CLANG_WARN_RANGE_LOOP_ANALYSIS = YES;
				CLANG_WARN_STRICT_PROTOTYPES = YES;
				CLANG_WARN_SUSPICIOUS_MOVE = YES;
				CLANG_WARN_UNGUARDED_AVAILABILITY = YES_AGGRESSIVE;
				CLANG_WARN_UNREACHABLE_CODE = YES;
				CLANG_WARN__DUPLICATE_METHOD_MATCH = YES;
				COPY_PHASE_STRIP = NO;
				DEBUG_INFORMATION_FORMAT = dwarf;
				ENABLE_STRICT_OBJC_MSGSEND = YES;
				ENABLE_TESTABILITY = YES;
				GCC_C_LANGUAGE_STANDARD = gnu11;
				GCC_DYNAMIC_NO_PIC = NO;
				GCC_NO_COMMON_BLOCKS = YES;
				GCC_OPTIMIZATION_LEVEL = 0;
				GCC_PREPROCESSOR_DEFINITIONS = (
					"DEBUG=1",
					"$(inherited)",
				);
				GCC_WARN_64_TO_32_BIT_CONVERSION = YES;
				GCC_WARN_ABOUT_RETURN_TYPE = YES_ERROR;
				GCC_WARN_UNDECLARED_SELECTOR = YES;
				GCC_WARN_UNINITIALIZED_AUTOS = YES_AGGRESSIVE;
				GCC_WARN_UNUSED_FUNCTION = YES;
				GCC_WARN_UNUSED_VARIABLE = YES;
				IPHONEOS_DEPLOYMENT_TARGET = 13.0;
				MTL_ENABLE_DEBUG_INFO = INCLUDE_SOURCE;
				MTL_FAST_MATH = YES;
				ONLY_ACTIVE_ARCH = YES;
				SDKROOT = iphoneos;
				SWIFT_ACTIVE_COMPILATION_CONDITIONS = DEBUG;
				SWIFT_OPTIMIZATION_LEVEL = "-Onone";
			};
			name = Debug;
		};
		68804235239F9557008CFA40 /* Release */ = {
			isa = XCBuildConfiguration;
			buildSettings = {
				ALWAYS_SEARCH_USER_PATHS = NO;
				CLANG_ANALYZER_NONNULL = YES;
				CLANG_ANALYZER_NUMBER_OBJECT_CONVERSION = YES_AGGRESSIVE;
				CLANG_CXX_LANGUAGE_STANDARD = "gnu++14";
				CLANG_CXX_LIBRARY = "libc++";
				CLANG_ENABLE_MODULES = YES;
				CLANG_ENABLE_OBJC_ARC = YES;
				CLANG_ENABLE_OBJC_WEAK = YES;
				CLANG_WARN_BLOCK_CAPTURE_AUTORELEASING = YES;
				CLANG_WARN_BOOL_CONVERSION = YES;
				CLANG_WARN_COMMA = YES;
				CLANG_WARN_CONSTANT_CONVERSION = YES;
				CLANG_WARN_DEPRECATED_OBJC_IMPLEMENTATIONS = YES;
				CLANG_WARN_DIRECT_OBJC_ISA_USAGE = YES_ERROR;
				CLANG_WARN_DOCUMENTATION_COMMENTS = YES;
				CLANG_WARN_EMPTY_BODY = YES;
				CLANG_WARN_ENUM_CONVERSION = YES;
				CLANG_WARN_INFINITE_RECURSION = YES;
				CLANG_WARN_INT_CONVERSION = YES;
				CLANG_WARN_NON_LITERAL_NULL_CONVERSION = YES;
				CLANG_WARN_OBJC_IMPLICIT_RETAIN_SELF = YES;
				CLANG_WARN_OBJC_LITERAL_CONVERSION = YES;
				CLANG_WARN_OBJC_ROOT_CLASS = YES_ERROR;
				CLANG_WARN_RANGE_LOOP_ANALYSIS = YES;
				CLANG_WARN_STRICT_PROTOTYPES = YES;
				CLANG_WARN_SUSPICIOUS_MOVE = YES;
				CLANG_WARN_UNGUARDED_AVAILABILITY = YES_AGGRESSIVE;
				CLANG_WARN_UNREACHABLE_CODE = YES;
				CLANG_WARN__DUPLICATE_METHOD_MATCH = YES;
				COPY_PHASE_STRIP = NO;
				DEBUG_INFORMATION_FORMAT = "dwarf-with-dsym";
				ENABLE_NS_ASSERTIONS = NO;
				ENABLE_STRICT_OBJC_MSGSEND = YES;
				GCC_C_LANGUAGE_STANDARD = gnu11;
				GCC_NO_COMMON_BLOCKS = YES;
				GCC_WARN_64_TO_32_BIT_CONVERSION = YES;
				GCC_WARN_ABOUT_RETURN_TYPE = YES_ERROR;
				GCC_WARN_UNDECLARED_SELECTOR = YES;
				GCC_WARN_UNINITIALIZED_AUTOS = YES_AGGRESSIVE;
				GCC_WARN_UNUSED_FUNCTION = YES;
				GCC_WARN_UNUSED_VARIABLE = YES;
				IPHONEOS_DEPLOYMENT_TARGET = 13.0;
				MTL_ENABLE_DEBUG_INFO = NO;
				MTL_FAST_MATH = YES;
				SDKROOT = iphoneos;
				SWIFT_COMPILATION_MODE = wholemodule;
				SWIFT_OPTIMIZATION_LEVEL = "-O";
				VALIDATE_PRODUCT = YES;
			};
			name = Release;
		};
		68804237239F9557008CFA40 /* Debug */ = {
			isa = XCBuildConfiguration;
			buildSettings = {
				ASSETCATALOG_COMPILER_APPICON_NAME = AppIcon;
				CODE_SIGN_STYLE = Automatic;
				INFOPLIST_FILE = CoordinatorExample/Info.plist;
				LD_RUNPATH_SEARCH_PATHS = (
					"$(inherited)",
					"@executable_path/Frameworks",
				);
				PRODUCT_BUNDLE_IDENTIFIER = com.blys.test.CoordinatorExample;
				PRODUCT_NAME = "$(TARGET_NAME)";
				SWIFT_VERSION = 5.0;
				TARGETED_DEVICE_FAMILY = "1,2";
			};
			name = Debug;
		};
		68804238239F9557008CFA40 /* Release */ = {
			isa = XCBuildConfiguration;
			buildSettings = {
				ASSETCATALOG_COMPILER_APPICON_NAME = AppIcon;
				CODE_SIGN_STYLE = Automatic;
				INFOPLIST_FILE = CoordinatorExample/Info.plist;
				LD_RUNPATH_SEARCH_PATHS = (
					"$(inherited)",
					"@executable_path/Frameworks",
				);
				PRODUCT_BUNDLE_IDENTIFIER = com.blys.test.CoordinatorExample;
				PRODUCT_NAME = "$(TARGET_NAME)";
				SWIFT_VERSION = 5.0;
				TARGETED_DEVICE_FAMILY = "1,2";
			};
			name = Release;
		};
		6880423A239F9557008CFA40 /* Debug */ = {
			isa = XCBuildConfiguration;
			buildSettings = {
				ALWAYS_EMBED_SWIFT_STANDARD_LIBRARIES = YES;
				BUNDLE_LOADER = "$(TEST_HOST)";
				CODE_SIGN_STYLE = Automatic;
				INFOPLIST_FILE = CoordinatorExampleTests/Info.plist;
				IPHONEOS_DEPLOYMENT_TARGET = 13.0;
				LD_RUNPATH_SEARCH_PATHS = (
					"$(inherited)",
					"@executable_path/Frameworks",
					"@loader_path/Frameworks",
				);
				PRODUCT_BUNDLE_IDENTIFIER = com.blys.test.CoordinatorExampleTests;
				PRODUCT_NAME = "$(TARGET_NAME)";
				SWIFT_VERSION = 5.0;
				TARGETED_DEVICE_FAMILY = "1,2";
				TEST_HOST = "$(BUILT_PRODUCTS_DIR)/CoordinatorExample.app/CoordinatorExample";
			};
			name = Debug;
		};
		6880423B239F9557008CFA40 /* Release */ = {
			isa = XCBuildConfiguration;
			buildSettings = {
				ALWAYS_EMBED_SWIFT_STANDARD_LIBRARIES = YES;
				BUNDLE_LOADER = "$(TEST_HOST)";
				CODE_SIGN_STYLE = Automatic;
				INFOPLIST_FILE = CoordinatorExampleTests/Info.plist;
				IPHONEOS_DEPLOYMENT_TARGET = 13.0;
				LD_RUNPATH_SEARCH_PATHS = (
					"$(inherited)",
					"@executable_path/Frameworks",
					"@loader_path/Frameworks",
				);
				PRODUCT_BUNDLE_IDENTIFIER = com.blys.test.CoordinatorExampleTests;
				PRODUCT_NAME = "$(TARGET_NAME)";
				SWIFT_VERSION = 5.0;
				TARGETED_DEVICE_FAMILY = "1,2";
				TEST_HOST = "$(BUILT_PRODUCTS_DIR)/CoordinatorExample.app/CoordinatorExample";
			};
			name = Release;
		};
		6880423D239F9557008CFA40 /* Debug */ = {
			isa = XCBuildConfiguration;
			buildSettings = {
				ALWAYS_EMBED_SWIFT_STANDARD_LIBRARIES = YES;
				CODE_SIGN_STYLE = Automatic;
				INFOPLIST_FILE = CoordinatorExampleUITests/Info.plist;
				LD_RUNPATH_SEARCH_PATHS = (
					"$(inherited)",
					"@executable_path/Frameworks",
					"@loader_path/Frameworks",
				);
				PRODUCT_BUNDLE_IDENTIFIER = com.blys.test.CoordinatorExampleUITests;
				PRODUCT_NAME = "$(TARGET_NAME)";
				SWIFT_VERSION = 5.0;
				TARGETED_DEVICE_FAMILY = "1,2";
				TEST_TARGET_NAME = CoordinatorExample;
			};
			name = Debug;
		};
		6880423E239F9557008CFA40 /* Release */ = {
			isa = XCBuildConfiguration;
			buildSettings = {
				ALWAYS_EMBED_SWIFT_STANDARD_LIBRARIES = YES;
				CODE_SIGN_STYLE = Automatic;
				INFOPLIST_FILE = CoordinatorExampleUITests/Info.plist;
				LD_RUNPATH_SEARCH_PATHS = (
					"$(inherited)",
					"@executable_path/Frameworks",
					"@loader_path/Frameworks",
				);
				PRODUCT_BUNDLE_IDENTIFIER = com.blys.test.CoordinatorExampleUITests;
				PRODUCT_NAME = "$(TARGET_NAME)";
				SWIFT_VERSION = 5.0;
				TARGETED_DEVICE_FAMILY = "1,2";
				TEST_TARGET_NAME = CoordinatorExample;
			};
			name = Release;
		};
/* End XCBuildConfiguration section */

/* Begin XCConfigurationList section */
		68804207239F9555008CFA40 /* Build configuration list for PBXProject "CoordinatorExample" */ = {
			isa = XCConfigurationList;
			buildConfigurations = (
				68804234239F9557008CFA40 /* Debug */,
				68804235239F9557008CFA40 /* Release */,
			);
			defaultConfigurationIsVisible = 0;
			defaultConfigurationName = Release;
		};
		68804236239F9557008CFA40 /* Build configuration list for PBXNativeTarget "CoordinatorExample" */ = {
			isa = XCConfigurationList;
			buildConfigurations = (
				68804237239F9557008CFA40 /* Debug */,
				68804238239F9557008CFA40 /* Release */,
			);
			defaultConfigurationIsVisible = 0;
			defaultConfigurationName = Release;
		};
		68804239239F9557008CFA40 /* Build configuration list for PBXNativeTarget "CoordinatorExampleTests" */ = {
			isa = XCConfigurationList;
			buildConfigurations = (
				6880423A239F9557008CFA40 /* Debug */,
				6880423B239F9557008CFA40 /* Release */,
			);
			defaultConfigurationIsVisible = 0;
			defaultConfigurationName = Release;
		};
		6880423C239F9557008CFA40 /* Build configuration list for PBXNativeTarget "CoordinatorExampleUITests" */ = {
			isa = XCConfigurationList;
			buildConfigurations = (
				6880423D239F9557008CFA40 /* Debug */,
				6880423E239F9557008CFA40 /* Release */,
			);
			defaultConfigurationIsVisible = 0;
			defaultConfigurationName = Release;
		};
/* End XCConfigurationList section */
	};
	rootObject = 68804204239F9555008CFA40 /* Project object */;
}
